
Microsoft Visual Studio Solution File, Format Version 12.00
# Visual Studio Version 16
VisualStudioVersion = 16.0.31424.327
MinimumVisualStudioVersion = 10.0.40219.1
Project("{FAE04EC0-301F-11D3-BF4B-00C04F79EFBC}") = "C Sharp Calculator", "C Sharp Calculator.csproj", "{DE44DA55-414D-4DB0-BBA1-C47301CA996D}"
EndProject
Global
	GlobalSection(SolutionConfigurationPlatforms) = preSolution
		Debug|Any CPU = Debug|Any CPU
		Release|Any CPU = Release|Any CPU
	EndGlobalSection
	GlobalSection(ProjectConfigurationPlatforms) = postSolution
		{DE44DA55-414D-4DB0-BBA1-C47301CA996D}.Debug|Any CPU.ActiveCfg = Debug|Any CPU
		{DE44DA55-414D-4DB0-BBA1-C47301CA996D}.Debug|Any CPU.Build.0 = Debug|Any CPU
		{DE44DA55-414D-4DB0-BBA1-C47301CA996D}.Release|Any CPU.ActiveCfg = Release|Any CPU
		{DE44DA55-414D-4DB0-BBA1-C47301CA996D}.Release|Any CPU.Build.0 = Release|Any CPU
	EndGlobalSection
	GlobalSection(SolutionProperties) = preSolution
		HideSolutionNode = FALSE
	EndGlobalSection
	GlobalSection(ExtensibilityGlobals) = postSolution
		SolutionGuid = {73E4C2F5-7A01-493D-BBCC-8EFDEFEF0638}
	EndGlobalSection
EndGlobal
